
Microsoft Visual Studio Solution File, Format Version 11.00
# Visual Studio 2010
Project("{FAE04EC0-301F-11D3-BF4B-00C04F79EFBC}") = "GuardiansWar", "Assembly-CSharp-firstpass.csproj", "{FA782C4C-3D08-9305-AE8D-2A75FAAAAC1B}"
EndProject
Project("{FAE04EC0-301F-11D3-BF4B-00C04F79EFBC}") = "GuardiansWar", "Assembly-CSharp.csproj", "{F5A99BC9-4821-C9C7-ECD0-695FA5F946C9}"
EndProject
Project("{FAE04EC0-301F-11D3-BF4B-00C04F79EFBC}") = "GuardiansWar", "Assembly-CSharp-Editor.csproj", "{27ACC0A3-9B43-6CF7-5E32-492390E2902C}"
EndProject
Global
	GlobalSection(SolutionConfigurationPlatforms) = preSolution
		Debug|Any CPU = Debug|Any CPU
		Release|Any CPU = Release|Any CPU
	EndGlobalSection
	GlobalSection(ProjectConfigurationPlatforms) = postSolution
		{FA782C4C-3D08-9305-AE8D-2A75FAAAAC1B}.Debug|Any CPU.ActiveCfg = Debug|Any CPU
		{FA782C4C-3D08-9305-AE8D-2A75FAAAAC1B}.Debug|Any CPU.Build.0 = Debug|Any CPU
		{FA782C4C-3D08-9305-AE8D-2A75FAAAAC1B}.Release|Any CPU.ActiveCfg = Release|Any CPU
		{FA782C4C-3D08-9305-AE8D-2A75FAAAAC1B}.Release|Any CPU.Build.0 = Release|Any CPU
		{F5A99BC9-4821-C9C7-ECD0-695FA5F946C9}.Debug|Any CPU.ActiveCfg = Debug|Any CPU
		{F5A99BC9-4821-C9C7-ECD0-695FA5F946C9}.Debug|Any CPU.Build.0 = Debug|Any CPU
		{F5A99BC9-4821-C9C7-ECD0-695FA5F946C9}.Release|Any CPU.ActiveCfg = Release|Any CPU
		{F5A99BC9-4821-C9C7-ECD0-695FA5F946C9}.Release|Any CPU.Build.0 = Release|Any CPU
		{27ACC0A3-9B43-6CF7-5E32-492390E2902C}.Debug|Any CPU.ActiveCfg = Debug|Any CPU
		{27ACC0A3-9B43-6CF7-5E32-492390E2902C}.Debug|Any CPU.Build.0 = Debug|Any CPU
		{27ACC0A3-9B43-6CF7-5E32-492390E2902C}.Release|Any CPU.ActiveCfg = Release|Any CPU
		{27ACC0A3-9B43-6CF7-5E32-492390E2902C}.Release|Any CPU.Build.0 = Release|Any CPU
	EndGlobalSection
	GlobalSection(SolutionProperties) = preSolution
		HideSolutionNode = FALSE
	EndGlobalSection
	GlobalSection(MonoDevelopProperties) = preSolution
		StartupItem = Assembly-CSharp.csproj
	EndGlobalSection
EndGlobal
